
Microsoft Visual Studio Solution File, Format Version 12.00
# Visual Studio Version 17
VisualStudioVersion = 17.5.33516.290
MinimumVisualStudioVersion = 10.0.40219.1
Project("{FAE04EC0-301F-11D3-BF4B-00C04F79EFBC}") = "wp03_controls", "wp03_controls\wp03_controls.csproj", "{F221FBF4-C317-4BB6-860E-23CD085C7D0A}"
EndProject
Project("{FAE04EC0-301F-11D3-BF4B-00C04F79EFBC}") = "wp04_layout", "wp04_layout\wp04_layout.csproj", "{DCE68727-F0BC-48F9-8D54-280B5C61256C}"
EndProject
Project("{FAE04EC0-301F-11D3-BF4B-00C04F79EFBC}") = "wp05_bikeshop", "wp05_bikeshop\wp05_bikeshop.csproj", "{92BD8DB0-0EFA-405B-90E1-D24687405AB4}"
EndProject
Global
	GlobalSection(SolutionConfigurationPlatforms) = preSolution
		Debug|Any CPU = Debug|Any CPU
		Release|Any CPU = Release|Any CPU
	EndGlobalSection
	GlobalSection(ProjectConfigurationPlatforms) = postSolution
		{F221FBF4-C317-4BB6-860E-23CD085C7D0A}.Debug|Any CPU.ActiveCfg = Debug|Any CPU
		{F221FBF4-C317-4BB6-860E-23CD085C7D0A}.Debug|Any CPU.Build.0 = Debug|Any CPU
		{F221FBF4-C317-4BB6-860E-23CD085C7D0A}.Release|Any CPU.ActiveCfg = Release|Any CPU
		{F221FBF4-C317-4BB6-860E-23CD085C7D0A}.Release|Any CPU.Build.0 = Release|Any CPU
		{DCE68727-F0BC-48F9-8D54-280B5C61256C}.Debug|Any CPU.ActiveCfg = Debug|Any CPU
		{DCE68727-F0BC-48F9-8D54-280B5C61256C}.Debug|Any CPU.Build.0 = Debug|Any CPU
		{DCE68727-F0BC-48F9-8D54-280B5C61256C}.Release|Any CPU.ActiveCfg = Release|Any CPU
		{DCE68727-F0BC-48F9-8D54-280B5C61256C}.Release|Any CPU.Build.0 = Release|Any CPU
		{92BD8DB0-0EFA-405B-90E1-D24687405AB4}.Debug|Any CPU.ActiveCfg = Debug|Any CPU
		{92BD8DB0-0EFA-405B-90E1-D24687405AB4}.Debug|Any CPU.Build.0 = Debug|Any CPU
		{92BD8DB0-0EFA-405B-90E1-D24687405AB4}.Release|Any CPU.ActiveCfg = Release|Any CPU
		{92BD8DB0-0EFA-405B-90E1-D24687405AB4}.Release|Any CPU.Build.0 = Release|Any CPU
	EndGlobalSection
	GlobalSection(SolutionProperties) = preSolution
		HideSolutionNode = FALSE
	EndGlobalSection
	GlobalSection(ExtensibilityGlobals) = postSolution
		SolutionGuid = {E0FBFC4A-3B82-453F-B3B7-A8354BDE709C}
	EndGlobalSection
EndGlobal
