
Microsoft Visual Studio Solution File, Format Version 12.00
# Visual Studio Version 17
VisualStudioVersion = 17.5.33516.290
MinimumVisualStudioVersion = 10.0.40219.1
Project("{FAE04EC0-301F-11D3-BF4B-00C04F79EFBC}") = "wp06_mvvm", "wp06_mvvm\wp06_mvvm.csproj", "{18DAD89A-546C-48B3-A040-B12E0665768A}"
EndProject
Project("{FAE04EC0-301F-11D3-BF4B-00C04F79EFBC}") = "wp05_bikeshop", "wp05_bikeshop\wp05_bikeshop.csproj", "{92BD8DB0-0EFA-405B-90E1-D24687405AB4}"
EndProject
Global
	GlobalSection(SolutionConfigurationPlatforms) = preSolution
		Debug|Any CPU = Debug|Any CPU
		Release|Any CPU = Release|Any CPU
	EndGlobalSection
	GlobalSection(ProjectConfigurationPlatforms) = postSolution
		{18DAD89A-546C-48B3-A040-B12E0665768A}.Debug|Any CPU.ActiveCfg = Debug|Any CPU
		{18DAD89A-546C-48B3-A040-B12E0665768A}.Debug|Any CPU.Build.0 = Debug|Any CPU
		{18DAD89A-546C-48B3-A040-B12E0665768A}.Release|Any CPU.ActiveCfg = Release|Any CPU
		{18DAD89A-546C-48B3-A040-B12E0665768A}.Release|Any CPU.Build.0 = Release|Any CPU
		{92BD8DB0-0EFA-405B-90E1-D24687405AB4}.Debug|Any CPU.ActiveCfg = Debug|Any CPU
		{92BD8DB0-0EFA-405B-90E1-D24687405AB4}.Debug|Any CPU.Build.0 = Debug|Any CPU
		{92BD8DB0-0EFA-405B-90E1-D24687405AB4}.Release|Any CPU.ActiveCfg = Release|Any CPU
		{92BD8DB0-0EFA-405B-90E1-D24687405AB4}.Release|Any CPU.Build.0 = Release|Any CPU
	EndGlobalSection
	GlobalSection(SolutionProperties) = preSolution
		HideSolutionNode = FALSE
	EndGlobalSection
	GlobalSection(ExtensibilityGlobals) = postSolution
		SolutionGuid = {DA5BC774-9D84-452A-952F-6FD24DDB6B79}
	EndGlobalSection
EndGlobal
